
Microsoft Visual Studio Solution File, Format Version 12.00
# Visual Studio Version 17
VisualStudioVersion = 17.4.33213.308
MinimumVisualStudioVersion = 10.0.40219.1
Project("{9A19103F-16F7-4668-BE54-9A1E7A4F7556}") = "Identity.App", "Identity.App\Identity.App.csproj", "{BA35014F-4EFF-4EB2-8CAA-E2C409A7F3B0}"
EndProject
Global
	GlobalSection(SolutionConfigurationPlatforms) = preSolution
		Debug|Any CPU = Debug|Any CPU
		Release|Any CPU = Release|Any CPU
	EndGlobalSection
	GlobalSection(ProjectConfigurationPlatforms) = postSolution
		{BA35014F-4EFF-4EB2-8CAA-E2C409A7F3B0}.Debug|Any CPU.ActiveCfg = Debug|Any CPU
		{BA35014F-4EFF-4EB2-8CAA-E2C409A7F3B0}.Debug|Any CPU.Build.0 = Debug|Any CPU
		{BA35014F-4EFF-4EB2-8CAA-E2C409A7F3B0}.Release|Any CPU.ActiveCfg = Release|Any CPU
		{BA35014F-4EFF-4EB2-8CAA-E2C409A7F3B0}.Release|Any CPU.Build.0 = Release|Any CPU
	EndGlobalSection
	GlobalSection(SolutionProperties) = preSolution
		HideSolutionNode = FALSE
	EndGlobalSection
	GlobalSection(ExtensibilityGlobals) = postSolution
		SolutionGuid = {15653C5B-F45C-43D1-BFEA-E870A950675B}
	EndGlobalSection
EndGlobal
